PODS:
  - Alamofire (5.10.2)
  - AlamofireImage (4.3.0):
    - Alamofire (~> 5.8)

DEPENDENCIES:
  - Alamofire
  - AlamofireImage (~> 4.3)

SPEC REPOS:
  trunk:
    - Alamofire
    - AlamofireImage

SPEC CHECKSUMS:
  Alamofire: 7193b3b92c74a07f85569e1a6c4f4237291e7496
  AlamofireImage: 843953fa97bee5f561cf05d83abd759e590b068d

PODFILE CHECKSUM: eccd594b84be94a61fa7e1275b9c11c714b92526

COCOAPODS: 1.16.2
